// !$*UTF8*$!
{
	archiveVersion = 1;
	classes = {
	};
	objectVersion = 55;
	objects = {

/* Begin PBXBuildFile section */
		54197D3CDE69103817992BCD /* Pods_JustDropItTests.framework in Frameworks */ = {isa = PBXBuildFile; fileRef = A974708477A80BA45398483C /* Pods_JustDropItTests.framework */; };
		BBE1EF95274D733000C828F6 /* AppDelegate.swift in Sources */ = {isa = PBXBuildFile; fileRef = BBE1EF94274D733000C828F6 /* AppDelegate.swift */; };
		BBE1EF97274D733000C828F6 /* SceneDelegate.swift in Sources */ = {isa = PBXBuildFile; fileRef = BBE1EF96274D733000C828F6 /* SceneDelegate.swift */; };
		BBE1EF99274D733000C828F6 /* ViewController.swift in Sources */ = {isa = PBXBuildFile; fileRef = BBE1EF98274D733000C828F6 /* ViewController.swift */; };
		BBE1EF9C274D733000C828F6 /* Main.storyboard in Resources */ = {isa = PBXBuildFile; fileRef = BBE1EF9A274D733000C828F6 /* Main.storyboard */; };
		BBE1EF9E274D733100C828F6 /* Assets.xcassets in Resources */ = {isa = PBXBuildFile; fileRef = BBE1EF9D274D733100C828F6 /* Assets.xcassets */; };
		BBE1EFA1274D733100C828F6 /* LaunchScreen.storyboard in Resources */ = {isa = PBXBuildFile; fileRef = BBE1EF9F274D733100C828F6 /* LaunchScreen.storyboard */; };
		BBE1EFAC274D733100C828F6 /* JustDropItTests.swift in Sources */ = {isa = PBXBuildFile; fileRef = BBE1EFAB274D733100C828F6 /* JustDropItTests.swift */; };
		BBE1EFB6274D733100C828F6 /* JustDropItUITests.swift in Sources */ = {isa = PBXBuildFile; fileRef = BBE1EFB5274D733100C828F6 /* JustDropItUITests.swift */; };
		BBE1EFB8274D733100C828F6 /* JustDropItUITestsLaunchTests.swift in Sources */ = {isa = PBXBuildFile; fileRef = BBE1EFB7274D733100C828F6 /* JustDropItUITestsLaunchTests.swift */; };
		CFC14E108F4C5A9390034993 /* Pods_JustDropIt.framework in Frameworks */ = {isa = PBXBuildFile; fileRef = 0085648AE8937EDEA140E732 /* Pods_JustDropIt.framework */; };
		FCC5B31033E9A0A4BA457FB7 /* Pods_JustDropIt_JustDropItUITests.framework in Frameworks */ = {isa = PBXBuildFile; fileRef = AD832E96D2E42F5EC65B77FF /* Pods_JustDropIt_JustDropItUITests.framework */; };
/* End PBXBuildFile section */

/* Begin PBXContainerItemProxy section */
		BBE1EFA8274D733100C828F6 /* PBXContainerItemProxy */ = {
			isa = PBXContainerItemProxy;
			containerPortal = BBE1EF89274D733000C828F6 /* Project object */;
			proxyType = 1;
			remoteGlobalIDString = BBE1EF90274D733000C828F6;
			remoteInfo = JustDropIt;
		};
		BBE1EFB2274D733100C828F6 /* PBXContainerItemProxy */ = {
			isa = PBXContainerItemProxy;
			containerPortal = BBE1EF89274D733000C828F6 /* Project object */;
			proxyType = 1;
			remoteGlobalIDString = BBE1EF90274D733000C828F6;
			remoteInfo = JustDropIt;
		};
/* End PBXContainerItemProxy section */

/* Begin PBXFileReference section */
		0085648AE8937EDEA140E732 /* Pods_JustDropIt.framework */ = {isa = PBXFileReference; explicitFileType = wrapper.framework; includeInIndex = 0; path = Pods_JustDropIt.framework; sourceTree = BUILT_PRODUCTS_DIR; };
		0307E9079262C621D77366DA /* Pods-JustDropItTests.debug.xcconfig */ = {isa = PBXFileReference; includeInIndex = 1; lastKnownFileType = text.xcconfig; name = "Pods-JustDropItTests.debug.xcconfig"; path = "Target Support Files/Pods-JustDropItTests/Pods-JustDropItTests.debug.xcconfig"; sourceTree = "<group>"; };
		0CC5961B38F24745B0237226 /* Pods-JustDropIt-JustDropItUITests.release.xcconfig */ = {isa = PBXFileReference; includeInIndex = 1; lastKnownFileType = text.xcconfig; name = "Pods-JustDropIt-JustDropItUITests.release.xcconfig"; path = "Target Support Files/Pods-JustDropIt-JustDropItUITests/Pods-JustDropIt-JustDropItUITests.release.xcconfig"; sourceTree = "<group>"; };
		14F0651B53674A97BE24957A /* Pods-JustDropItTests.release.xcconfig */ = {isa = PBXFileReference; includeInIndex = 1; lastKnownFileType = text.xcconfig; name = "Pods-JustDropItTests.release.xcconfig"; path = "Target Support Files/Pods-JustDropItTests/Pods-JustDropItTests.release.xcconfig"; sourceTree = "<group>"; };
		2F7E126B19D671BA7D68829C /* Pods-JustDropIt-JustDropItUITests.debug.xcconfig */ = {isa = PBXFileReference; includeInIndex = 1; lastKnownFileType = text.xcconfig; name = "Pods-JustDropIt-JustDropItUITests.debug.xcconfig"; path = "Target Support Files/Pods-JustDropIt-JustDropItUITests/Pods-JustDropIt-JustDropItUITests.debug.xcconfig"; sourceTree = "<group>"; };
		A661A15F3301CE5F69D5D0FE /* Pods-JustDropIt.debug.xcconfig */ = {isa = PBXFileReference; includeInIndex = 1; lastKnownFileType = text.xcconfig; name = "Pods-JustDropIt.debug.xcconfig"; path = "Target Support Files/Pods-JustDropIt/Pods-JustDropIt.debug.xcconfig"; sourceTree = "<group>"; };
		A974708477A80BA45398483C /* Pods_JustDropItTests.framework */ = {isa = PBXFileReference; explicitFileType = wrapper.framework; includeInIndex = 0; path = Pods_JustDropItTests.framework; sourceTree = BUILT_PRODUCTS_DIR; };
		AD832E96D2E42F5EC65B77FF /* Pods_JustDropIt_JustDropItUITests.framework */ = {isa = PBXFileReference; explicitFileType = wrapper.framework; includeInIndex = 0; path = Pods_JustDropIt_JustDropItUITests.framework; sourceTree = BUILT_PRODUCTS_DIR; };
		B54A9750522E65F10FE7BAFF /* Pods-JustDropIt.release.xcconfig */ = {isa = PBXFileReference; includeInIndex = 1; lastKnownFileType = text.xcconfig; name = "Pods-JustDropIt.release.xcconfig"; path = "Target Support Files/Pods-JustDropIt/Pods-JustDropIt.release.xcconfig"; sourceTree = "<group>"; };
		BBE1EF91274D733000C828F6 /* JustDropIt.app */ = {isa = PBXFileReference; explicitFileType = wrapper.application; includeInIndex = 0; path = JustDropIt.app; sourceTree = BUILT_PRODUCTS_DIR; };
		BBE1EF94274D733000C828F6 /* AppDelegate.swift */ = {isa = PBXFileReference; lastKnownFileType = sourcecode.swift; path = AppDelegate.swift; sourceTree = "<group>"; };
		BBE1EF96274D733000C828F6 /* SceneDelegate.swift */ = {isa = PBXFileReference; lastKnownFileType = sourcecode.swift; path = SceneDelegate.swift; sourceTree = "<group>"; };
		BBE1EF98274D733000C828F6 /* ViewController.swift */ = {isa = PBXFileReference; lastKnownFileType = sourcecode.swift; path = ViewController.swift; sourceTree = "<group>"; };
		BBE1EF9B274D733000C828F6 /* Base */ = {isa = PBXFileReference; lastKnownFileType = file.storyboard; name = Base; path = Base.lproj/Main.storyboard; sourceTree = "<group>"; };
		BBE1EF9D274D733100C828F6 /* Assets.xcassets */ = {isa = PBXFileReference; lastKnownFileType = folder.assetcatalog; path = Assets.xcassets; sourceTree = "<group>"; };
		BBE1EFA0274D733100C828F6 /* Base */ = {isa = PBXFileReference; lastKnownFileType = file.storyboard; name = Base; path = Base.lproj/LaunchScreen.storyboard; sourceTree = "<group>"; };
		BBE1EFA2274D733100C828F6 /* Info.plist */ = {isa = PBXFileReference; lastKnownFileType = text.plist.xml; path = Info.plist; sourceTree = "<group>"; };
		BBE1EFA7274D733100C828F6 /* JustDropItTests.xctest */ = {isa = PBXFileReference; explicitFileType = wrapper.cfbundle; includeInIndex = 0; path = JustDropItTests.xctest; sourceTree = BUILT_PRODUCTS_DIR; };
		BBE1EFAB274D733100C828F6 /* JustDropItTests.swift */ = {isa = PBXFileReference; lastKnownFileType = sourcecode.swift; path = JustDropItTests.swift; sourceTree = "<group>"; };
		BBE1EFB1274D733100C828F6 /* JustDropItUITests.xctest */ = {isa = PBXFileReference; explicitFileType = wrapper.cfbundle; includeInIndex = 0; path = JustDropItUITests.xctest; sourceTree = BUILT_PRODUCTS_DIR; };
		BBE1EFB5274D733100C828F6 /* JustDropItUITests.swift */ = {isa = PBXFileReference; lastKnownFileType = sourcecode.swift; path = JustDropItUITests.swift; sourceTree = "<group>"; };
		BBE1EFB7274D733100C828F6 /* JustDropItUITestsLaunchTests.swift */ = {isa = PBXFileReference; lastKnownFileType = sourcecode.swift; path = JustDropItUITestsLaunchTests.swift; sourceTree = "<group>"; };
/* End PBXFileReference section */

/* Begin PBXFrameworksBuildPhase section */
		BBE1EF8E274D733000C828F6 /* Frameworks */ = {
			isa = PBXFrameworksBuildPhase;
			buildActionMask = 2147483647;
			files = (
				CFC14E108F4C5A9390034993 /* Pods_JustDropIt.framework in Frameworks */,
			);
			runOnlyForDeploymentPostprocessing = 0;
		};
		BBE1EFA4274D733100C828F6 /* Frameworks */ = {
			isa = PBXFrameworksBuildPhase;
			buildActionMask = 2147483647;
			files = (
				54197D3CDE69103817992BCD /* Pods_JustDropItTests.framework in Frameworks */,
			);
			runOnlyForDeploymentPostprocessing = 0;
		};
		BBE1EFAE274D733100C828F6 /* Frameworks */ = {
			isa = PBXFrameworksBuildPhase;
			buildActionMask = 2147483647;
			files = (
				FCC5B31033E9A0A4BA457FB7 /* Pods_JustDropIt_JustDropItUITests.framework in Frameworks */,
			);
			runOnlyForDeploymentPostprocessing = 0;
		};
/* End PBXFrameworksBuildPhase section */

/* Begin PBXGroup section */
		7E82D80F1281269685E6CEF7 /* Pods */ = {
			isa = PBXGroup;
			children = (
				A661A15F3301CE5F69D5D0FE /* Pods-JustDropIt.debug.xcconfig */,
				B54A9750522E65F10FE7BAFF /* Pods-JustDropIt.release.xcconfig */,
				2F7E126B19D671BA7D68829C /* Pods-JustDropIt-JustDropItUITests.debug.xcconfig */,
				0CC5961B38F24745B0237226 /* Pods-JustDropIt-JustDropItUITests.release.xcconfig */,
				0307E9079262C621D77366DA /* Pods-JustDropItTests.debug.xcconfig */,
				14F0651B53674A97BE24957A /* Pods-JustDropItTests.release.xcconfig */,
			);
			name = Pods;
			path = Pods;
			sourceTree = "<group>";
		};
		A1AA44D00106CA60A720E079 /* Frameworks */ = {
			isa = PBXGroup;
			children = (
				0085648AE8937EDEA140E732 /* Pods_JustDropIt.framework */,
				AD832E96D2E42F5EC65B77FF /* Pods_JustDropIt_JustDropItUITests.framework */,
				A974708477A80BA45398483C /* Pods_JustDropItTests.framework */,
			);
			name = Frameworks;
			sourceTree = "<group>";
		};
		BBE1EF88274D733000C828F6 = {
			isa = PBXGroup;
			children = (
				BBE1EF93274D733000C828F6 /* JustDropIt */,
				BBE1EFAA274D733100C828F6 /* JustDropItTests */,
				BBE1EFB4274D733100C828F6 /* JustDropItUITests */,
				BBE1EF92274D733000C828F6 /* Products */,
				7E82D80F1281269685E6CEF7 /* Pods */,
				A1AA44D00106CA60A720E079 /* Frameworks */,
			);
			sourceTree = "<group>";
		};
		BBE1EF92274D733000C828F6 /* Products */ = {
			isa = PBXGroup;
			children = (
				BBE1EF91274D733000C828F6 /* JustDropIt.app */,
				BBE1EFA7274D733100C828F6 /* JustDropItTests.xctest */,
				BBE1EFB1274D733100C828F6 /* JustDropItUITests.xctest */,
			);
			name = Products;
			sourceTree = "<group>";
		};
		BBE1EF93274D733000C828F6 /* JustDropIt */ = {
			isa = PBXGroup;
			children = (
				BBE1EF94274D733000C828F6 /* AppDelegate.swift */,
				BBE1EF96274D733000C828F6 /* SceneDelegate.swift */,
				BBE1EF98274D733000C828F6 /* ViewController.swift */,
				BBE1EF9A274D733000C828F6 /* Main.storyboard */,
				BBE1EF9D274D733100C828F6 /* Assets.xcassets */,
				BBE1EF9F274D733100C828F6 /* LaunchScreen.storyboard */,
				BBE1EFA2274D733100C828F6 /* Info.plist */,
			);
			path = JustDropIt;
			sourceTree = "<group>";
		};
		BBE1EFAA274D733100C828F6 /* JustDropItTests */ = {
			isa = PBXGroup;
			children = (
				BBE1EFAB274D733100C828F6 /* JustDropItTests.swift */,
			);
			path = JustDropItTests;
			sourceTree = "<group>";
		};
		BBE1EFB4274D733100C828F6 /* JustDropItUITests */ = {
			isa = PBXGroup;
			children = (
				BBE1EFB5274D733100C828F6 /* JustDropItUITests.swift */,
				BBE1EFB7274D733100C828F6 /* JustDropItUITestsLaunchTests.swift */,
			);
			path = JustDropItUITests;
			sourceTree = "<group>";
		};
/* End PBXGroup section */

/* Begin PBXNativeTarget section */
		BBE1EF90274D733000C828F6 /* JustDropIt */ = {
			isa = PBXNativeTarget;
			buildConfigurationList = BBE1EFBB274D733100C828F6 /* Build configuration list for PBXNativeTarget "JustDropIt" */;
			buildPhases = (
				057AFB53D56ED638A399F188 /* [CP] Check Pods Manifest.lock */,
				BBE1EF8D274D733000C828F6 /* Sources */,
				BBE1EF8E274D733000C828F6 /* Frameworks */,
				BBE1EF8F274D733000C828F6 /* Resources */,
				9E51A6A57D4472CDC47FCF88 /* [CP] Embed Pods Frameworks */,
			);
			buildRules = (
			);
			dependencies = (
			);
			name = JustDropIt;
			productName = JustDropIt;
			productReference = BBE1EF91274D733000C828F6 /* JustDropIt.app */;
			productType = "com.apple.product-type.application";
		};
		BBE1EFA6274D733100C828F6 /* JustDropItTests */ = {
			isa = PBXNativeTarget;
			buildConfigurationList = BBE1EFBE274D733100C828F6 /* Build configuration list for PBXNativeTarget "JustDropItTests" */;
			buildPhases = (
				E6C374960FFD200830D10378 /* [CP] Check Pods Manifest.lock */,
				BBE1EFA3274D733100C828F6 /* Sources */,
				BBE1EFA4274D733100C828F6 /* Frameworks */,
				BBE1EFA5274D733100C828F6 /* Resources */,
			);
			buildRules = (
			);
			dependencies = (
				BBE1EFA9274D733100C828F6 /* PBXTargetDependency */,
			);
			name = JustDropItTests;
			productName = JustDropItTests;
			productReference = BBE1EFA7274D733100C828F6 /* JustDropItTests.xctest */;
			productType = "com.apple.product-type.bundle.unit-test";
		};
		BBE1EFB0274D733100C828F6 /* JustDropItUITests */ = {
			isa = PBXNativeTarget;
			buildConfigurationList = BBE1EFC1274D733100C828F6 /* Build configuration list for PBXNativeTarget "JustDropItUITests" */;
			buildPhases = (
				4B5200D8FDBF673C47E63D11 /* [CP] Check Pods Manifest.lock */,
				BBE1EFAD274D733100C828F6 /* Sources */,
				BBE1EFAE274D733100C828F6 /* Frameworks */,
				BBE1EFAF274D733100C828F6 /* Resources */,
				0D97C777C44A6C7781D29742 /* [CP] Embed Pods Frameworks */,
			);
			buildRules = (
			);
			dependencies = (
				BBE1EFB3274D733100C828F6 /* PBXTargetDependency */,
			);
			name = JustDropItUITests;
			productName = JustDropItUITests;
			productReference = BBE1EFB1274D733100C828F6 /* JustDropItUITests.xctest */;
			productType = "com.apple.product-type.bundle.ui-testing";
		};
/* End PBXNativeTarget section */

/* Begin PBXProject section */
		BBE1EF89274D733000C828F6 /* Project object */ = {
			isa = PBXProject;
			attributes = {
				BuildIndependentTargetsInParallel = 1;
				LastSwiftUpdateCheck = 1310;
				LastUpgradeCheck = 1310;
				TargetAttributes = {
					BBE1EF90274D733000C828F6 = {
						CreatedOnToolsVersion = 13.1;
					};
					BBE1EFA6274D733100C828F6 = {
						CreatedOnToolsVersion = 13.1;
						TestTargetID = BBE1EF90274D733000C828F6;
					};
					BBE1EFB0274D733100C828F6 = {
						CreatedOnToolsVersion = 13.1;
						TestTargetID = BBE1EF90274D733000C828F6;
					};
				};
			};
			buildConfigurationList = BBE1EF8C274D733000C828F6 /* Build configuration list for PBXProject "JustDropIt" */;
			compatibilityVersion = "Xcode 13.0";
			developmentRegion = en;
			hasScannedForEncodings = 0;
			knownRegions = (
				en,
				Base,
			);
			mainGroup = BBE1EF88274D733000C828F6;
			productRefGroup = BBE1EF92274D733000C828F6 /* Products */;
			projectDirPath = "";
			projectRoot = "";
			targets = (
				BBE1EF90274D733000C828F6 /* JustDropIt */,
				BBE1EFA6274D733100C828F6 /* JustDropItTests */,
				BBE1EFB0274D733100C828F6 /* JustDropItUITests */,
			);
		};
/* End PBXProject section */

/* Begin PBXResourcesBuildPhase section */
		BBE1EF8F274D733000C828F6 /* Resources */ = {
			isa = PBXResourcesBuildPhase;
			buildActionMask = 2147483647;
			files = (
				BBE1EFA1274D733100C828F6 /* LaunchScreen.storyboard in Resources */,
				BBE1EF9E274D733100C828F6 /* Assets.xcassets in Resources */,
				BBE1EF9C274D733000C828F6 /* Main.storyboard in Resources */,
			);
			runOnlyForDeploymentPostprocessing = 0;
		};
		BBE1EFA5274D733100C828F6 /* Resources */ = {
			isa = PBXResourcesBuildPhase;
			buildActionMask = 2147483647;
			files = (
			);
			runOnlyForDeploymentPostprocessing = 0;
		};
		BBE1EFAF274D733100C828F6 /* Resources */ = {
			isa = PBXResourcesBuildPhase;
			buildActionMask = 2147483647;
			files = (
			);
			runOnlyForDeploymentPostprocessing = 0;
		};
/* End PBXResourcesBuildPhase section */

/* Begin PBXShellScriptBuildPhase section */
		057AFB53D56ED638A399F188 /* [CP] Check Pods Manifest.lock */ = {
			isa = PBXShellScriptBuildPhase;
			buildActionMask = 2147483647;
			files = (
			);
			inputFileListPaths = (
			);
			inputPaths = (
				"${PODS_PODFILE_DIR_PATH}/Podfile.lock",
				"${PODS_ROOT}/Manifest.lock",
			);
			name = "[CP] Check Pods Manifest.lock";
			outputFileListPaths = (
			);
			outputPaths = (
				"$(DERIVED_FILE_DIR)/Pods-JustDropIt-checkManifestLockResult.txt",
			);
			runOnlyForDeploymentPostprocessing = 0;
			shellPath = /bin/sh;
			shellScript = "diff \"${PODS_PODFILE_DIR_PATH}/Podfile.lock\" \"${PODS_ROOT}/Manifest.lock\" > /dev/null\nif [ $? != 0 ] ; then\n    # print error to STDERR\n    echo \"error: The sandbox is not in sync with the Podfile.lock. Run 'pod install' or update your CocoaPods installation.\" >&2\n    exit 1\nfi\n# This output is used by Xcode 'outputs' to avoid re-running this script phase.\necho \"SUCCESS\" > \"${SCRIPT_OUTPUT_FILE_0}\"\n";
			showEnvVarsInLog = 0;
		};
		0D97C777C44A6C7781D29742 /* [CP] Embed Pods Frameworks */ = {
			isa = PBXShellScriptBuildPhase;
			buildActionMask = 2147483647;
			files = (
			);
			inputFileListPaths = (
				"${PODS_ROOT}/Target Support Files/Pods-JustDropIt-JustDropItUITests/Pods-JustDropIt-JustDropItUITests-frameworks-${CONFIGURATION}-input-files.xcfilelist",
			);
			name = "[CP] Embed Pods Frameworks";
			outputFileListPaths = (
				"${PODS_ROOT}/Target Support Files/Pods-JustDropIt-JustDropItUITests/Pods-JustDropIt-JustDropItUITests-frameworks-${CONFIGURATION}-output-files.xcfilelist",
			);
			runOnlyForDeploymentPostprocessing = 0;
			shellPath = /bin/sh;
			shellScript = "\"${PODS_ROOT}/Target Support Files/Pods-JustDropIt-JustDropItUITests/Pods-JustDropIt-JustDropItUITests-frameworks.sh\"\n";
			showEnvVarsInLog = 0;
		};
		4B5200D8FDBF673C47E63D11 /* [CP] Check Pods Manifest.lock */ = {
			isa = PBXShellScriptBuildPhase;
			buildActionMask = 2147483647;
			files = (
			);
			inputFileListPaths = (
			);
			inputPaths = (
				"${PODS_PODFILE_DIR_PATH}/Podfile.lock",
				"${PODS_ROOT}/Manifest.lock",
			);
			name = "[CP] Check Pods Manifest.lock";
			outputFileListPaths = (
			);
			outputPaths = (
				"$(DERIVED_FILE_DIR)/Pods-JustDropIt-JustDropItUITests-checkManifestLockResult.txt",
			);
			runOnlyForDeploymentPostprocessing = 0;
			shellPath = /bin/sh;
			shellScript = "diff \"${PODS_PODFILE_DIR_PATH}/Podfile.lock\" \"${PODS_ROOT}/Manifest.lock\" > /dev/null\nif [ $? != 0 ] ; then\n    # print error to STDERR\n    echo \"error: The sandbox is not in sync with the Podfile.lock. Run 'pod install' or update your CocoaPods installation.\" >&2\n    exit 1\nfi\n# This output is used by Xcode 'outputs' to avoid re-running this script phase.\necho \"SUCCESS\" > \"${SCRIPT_OUTPUT_FILE_0}\"\n";
			showEnvVarsInLog = 0;
		};
		9E51A6A57D4472CDC47FCF88 /* [CP] Embed Pods Frameworks */ = {
			isa = PBXShellScriptBuildPhase;
			buildActionMask = 2147483647;
			files = (
			);
			inputFileListPaths = (
				"${PODS_ROOT}/Target Support Files/Pods-JustDropIt/Pods-JustDropIt-frameworks-${CONFIGURATION}-input-files.xcfilelist",
			);
			name = "[CP] Embed Pods Frameworks";
			outputFileListPaths = (
				"${PODS_ROOT}/Target Support Files/Pods-JustDropIt/Pods-JustDropIt-frameworks-${CONFIGURATION}-output-files.xcfilelist",
			);
			runOnlyForDeploymentPostprocessing = 0;
			shellPath = /bin/sh;
			shellScript = "\"${PODS_ROOT}/Target Support Files/Pods-JustDropIt/Pods-JustDropIt-frameworks.sh\"\n";
			showEnvVarsInLog = 0;
		};
		E6C374960FFD200830D10378 /* [CP] Check Pods Manifest.lock */ = {
			isa = PBXShellScriptBuildPhase;
			buildActionMask = 2147483647;
			files = (
			);
			inputFileListPaths = (
			);
			inputPaths = (
				"${PODS_PODFILE_DIR_PATH}/Podfile.lock",
				"${PODS_ROOT}/Manifest.lock",
			);
			name = "[CP] Check Pods Manifest.lock";
			outputFileListPaths = (
			);
			outputPaths = (
				"$(DERIVED_FILE_DIR)/Pods-JustDropItTests-checkManifestLockResult.txt",
			);
			runOnlyForDeploymentPostprocessing = 0;
			shellPath = /bin/sh;
			shellScript = "diff \"${PODS_PODFILE_DIR_PATH}/Podfile.lock\" \"${PODS_ROOT}/Manifest.lock\" > /dev/null\nif [ $? != 0 ] ; then\n    # print error to STDERR\n    echo \"error: The sandbox is not in sync with the Podfile.lock. Run 'pod install' or update your CocoaPods installation.\" >&2\n    exit 1\nfi\n# This output is used by Xcode 'outputs' to avoid re-running this script phase.\necho \"SUCCESS\" > \"${SCRIPT_OUTPUT_FILE_0}\"\n";
			showEnvVarsInLog = 0;
		};
/* End PBXShellScriptBuildPhase section */

/* Begin PBXSourcesBuildPhase section */
		BBE1EF8D274D733000C828F6 /* Sources */ = {
			isa = PBXSourcesBuildPhase;
			buildActionMask = 2147483647;
			files = (
				BBE1EF99274D733000C828F6 /* ViewController.swift in Sources */,
				BBE1EF95274D733000C828F6 /* AppDelegate.swift in Sources */,
				BBE1EF97274D733000C828F6 /* SceneDelegate.swift in Sources */,
			);
			runOnlyForDeploymentPostprocessing = 0;
		};
		BBE1EFA3274D733100C828F6 /* Sources */ = {
			isa = PBXSourcesBuildPhase;
			buildActionMask = 2147483647;
			files = (
				BBE1EFAC274D733100C828F6 /* JustDropItTests.swift in Sources */,
			);
			runOnlyForDeploymentPostprocessing = 0;
		};
		BBE1EFAD274D733100C828F6 /* Sources */ = {
			isa = PBXSourcesBuildPhase;
			buildActionMask = 2147483647;
			files = (
				BBE1EFB8274D733100C828F6 /* JustDropItUITestsLaunchTests.swift in Sources */,
				BBE1EFB6274D733100C828F6 /* JustDropItUITests.swift in Sources */,
			);
			runOnlyForDeploymentPostprocessing = 0;
		};
/* End PBXSourcesBuildPhase section */

/* Begin PBXTargetDependency section */
		BBE1EFA9274D733100C828F6 /* PBXTargetDependency */ = {
			isa = PBXTargetDependency;
			target = BBE1EF90274D733000C828F6 /* JustDropIt */;
			targetProxy = BBE1EFA8274D733100C828F6 /* PBXContainerItemProxy */;
		};
		BBE1EFB3274D733100C828F6 /* PBXTargetDependency */ = {
			isa = PBXTargetDependency;
			target = BBE1EF90274D733000C828F6 /* JustDropIt */;
			targetProxy = BBE1EFB2274D733100C828F6 /* PBXContainerItemProxy */;
		};
/* End PBXTargetDependency section */

/* Begin PBXVariantGroup section */
		BBE1EF9A274D733000C828F6 /* Main.storyboard */ = {
			isa = PBXVariantGroup;
			children = (
				BBE1EF9B274D733000C828F6 /* Base */,
			);
			name = Main.storyboard;
			sourceTree = "<group>";
		};
		BBE1EF9F274D733100C828F6 /* LaunchScreen.storyboard */ = {
			isa = PBXVariantGroup;
			children = (
				BBE1EFA0274D733100C828F6 /* Base */,
			);
			name = LaunchScreen.storyboard;
			sourceTree = "<group>";
		};
/* End PBXVariantGroup section */

/* Begin XCBuildConfiguration section */
		BBE1EFB9274D733100C828F6 /* Debug */ = {
			isa = XCBuildConfiguration;
			buildSettings = {
				ALWAYS_SEARCH_USER_PATHS = NO;
				CLANG_ANALYZER_NONNULL = YES;
				CLANG_ANALYZER_NUMBER_OBJECT_CONVERSION = YES_AGGRESSIVE;
				CLANG_CXX_LANGUAGE_STANDARD = "gnu++17";
				CLANG_CXX_LIBRARY = "libc++";
				CLANG_ENABLE_MODULES = YES;
				CLANG_ENABLE_OBJC_ARC = YES;
				CLANG_ENABLE_OBJC_WEAK = YES;
				CLANG_WARN_BLOCK_CAPTURE_AUTORELEASING = YES;
				CLANG_WARN_BOOL_CONVERSION = YES;
				CLANG_WARN_COMMA = YES;
				CLANG_WARN_CONSTANT_CONVERSION = YES;
				CLANG_WARN_DEPRECATED_OBJC_IMPLEMENTATIONS = YES;
				CLANG_WARN_DIRECT_OBJC_ISA_USAGE = YES_ERROR;
				CLANG_WARN_DOCUMENTATION_COMMENTS = YES;
				CLANG_WARN_EMPTY_BODY = YES;
				CLANG_WARN_ENUM_CONVERSION = YES;
				CLANG_WARN_INFINITE_RECURSION = YES;
				CLANG_WARN_INT_CONVERSION = YES;
				CLANG_WARN_NON_LITERAL_NULL_CONVERSION = YES;
				CLANG_WARN_OBJC_IMPLICIT_RETAIN_SELF = YES;
				CLANG_WARN_OBJC_LITERAL_CONVERSION = YES;
				CLANG_WARN_OBJC_ROOT_CLASS = YES_ERROR;
				CLANG_WARN_QUOTED_INCLUDE_IN_FRAMEWORK_HEADER = YES;
				CLANG_WARN_RANGE_LOOP_ANALYSIS = YES;
				CLANG_WARN_STRICT_PROTOTYPES = YES;
				CLANG_WARN_SUSPICIOUS_MOVE = YES;
				CLANG_WARN_UNGUARDED_AVAILABILITY = YES_AGGRESSIVE;
				CLANG_WARN_UNREACHABLE_CODE = YES;
				CLANG_WARN__DUPLICATE_METHOD_MATCH = YES;
				COPY_PHASE_STRIP = NO;
				DEBUG_INFORMATION_FORMAT = dwarf;
				ENABLE_STRICT_OBJC_MSGSEND = YES;
				ENABLE_TESTABILITY = YES;
				GCC_C_LANGUAGE_STANDARD = gnu11;
				GCC_DYNAMIC_NO_PIC = NO;
				GCC_NO_COMMON_BLOCKS = YES;
				GCC_OPTIMIZATION_LEVEL = 0;
				GCC_PREPROCESSOR_DEFINITIONS = (
					"DEBUG=1",
					"$(inherited)",
				);
				GCC_WARN_64_TO_32_BIT_CONVERSION = YES;
				GCC_WARN_ABOUT_RETURN_TYPE = YES_ERROR;
				GCC_WARN_UNDECLARED_SELECTOR = YES;
				GCC_WARN_UNINITIALIZED_AUTOS = YES_AGGRESSIVE;
				GCC_WARN_UNUSED_FUNCTION = YES;
				GCC_WARN_UNUSED_VARIABLE = YES;
				IPHONEOS_DEPLOYMENT_TARGET = 15.0;
				MTL_ENABLE_DEBUG_INFO = INCLUDE_SOURCE;
				MTL_FAST_MATH = YES;
				ONLY_ACTIVE_ARCH = YES;
				SDKROOT = iphoneos;
				SWIFT_ACTIVE_COMPILATION_CONDITIONS = DEBUG;
				SWIFT_OPTIMIZATION_LEVEL = "-Onone";
			};
			name = Debug;
		};
		BBE1EFBA274D733100C828F6 /* Release */ = {
			isa = XCBuildConfiguration;
			buildSettings = {
				ALWAYS_SEARCH_USER_PATHS = NO;
				CLANG_ANALYZER_NONNULL = YES;
				CLANG_ANALYZER_NUMBER_OBJECT_CONVERSION = YES_AGGRESSIVE;
				CLANG_CXX_LANGUAGE_STANDARD = "gnu++17";
				CLANG_CXX_LIBRARY = "libc++";
				CLANG_ENABLE_MODULES = YES;
				CLANG_ENABLE_OBJC_ARC = YES;
				CLANG_ENABLE_OBJC_WEAK = YES;
				CLANG_WARN_BLOCK_CAPTURE_AUTORELEASING = YES;
				CLANG_WARN_BOOL_CONVERSION = YES;
				CLANG_WARN_COMMA = YES;
				CLANG_WARN_CONSTANT_CONVERSION = YES;
				CLANG_WARN_DEPRECATED_OBJC_IMPLEMENTATIONS = YES;
				CLANG_WARN_DIRECT_OBJC_ISA_USAGE = YES_ERROR;
				CLANG_WARN_DOCUMENTATION_COMMENTS = YES;
				CLANG_WARN_EMPTY_BODY = YES;
				CLANG_WARN_ENUM_CONVERSION = YES;
				CLANG_WARN_INFINITE_RECURSION = YES;
				CLANG_WARN_INT_CONVERSION = YES;
				CLANG_WARN_NON_LITERAL_NULL_CONVERSION = YES;
				CLANG_WARN_OBJC_IMPLICIT_RETAIN_SELF = YES;
				CLANG_WARN_OBJC_LITERAL_CONVERSION = YES;
				CLANG_WARN_OBJC_ROOT_CLASS = YES_ERROR;
				CLANG_WARN_QUOTED_INCLUDE_IN_FRAMEWORK_HEADER = YES;
				CLANG_WARN_RANGE_LOOP_ANALYSIS = YES;
				CLANG_WARN_STRICT_PROTOTYPES = YES;
				CLANG_WARN_SUSPICIOUS_MOVE = YES;
				CLANG_WARN_UNGUARDED_AVAILABILITY = YES_AGGRESSIVE;
				CLANG_WARN_UNREACHABLE_CODE = YES;
				CLANG_WARN__DUPLICATE_METHOD_MATCH = YES;
				COPY_PHASE_STRIP = NO;
				DEBUG_INFORMATION_FORMAT = "dwarf-with-dsym";
				ENABLE_NS_ASSERTIONS = NO;
				ENABLE_STRICT_OBJC_MSGSEND = YES;
				GCC_C_LANGUAGE_STANDARD = gnu11;
				GCC_NO_COMMON_BLOCKS = YES;
				GCC_WARN_64_TO_32_BIT_CONVERSION = YES;
				GCC_WARN_ABOUT_RETURN_TYPE = YES_ERROR;
				GCC_WARN_UNDECLARED_SELECTOR = YES;
				GCC_WARN_UNINITIALIZED_AUTOS = YES_AGGRESSIVE;
				GCC_WARN_UNUSED_FUNCTION = YES;
				GCC_WARN_UNUSED_VARIABLE = YES;
				IPHONEOS_DEPLOYMENT_TARGET = 15.0;
				MTL_ENABLE_DEBUG_INFO = NO;
				MTL_FAST_MATH = YES;
				SDKROOT = iphoneos;
				SWIFT_COMPILATION_MODE = wholemodule;
				SWIFT_OPTIMIZATION_LEVEL = "-O";
				VALIDATE_PRODUCT = YES;
			};
			name = Release;
		};
		BBE1EFBC274D733100C828F6 /* Debug */ = {
			isa = XCBuildConfiguration;
			baseConfigurationReference = A661A15F3301CE5F69D5D0FE /* Pods-JustDropIt.debug.xcconfig */;
			buildSettings = {
				ASSETCATALOG_COMPILER_APPICON_NAME = AppIcon;
				ASSETCATALOG_COMPILER_GLOBAL_ACCENT_COLOR_NAME = AccentColor;
				CODE_SIGN_STYLE = Automatic;
				CURRENT_PROJECT_VERSION = 1;
				DEVELOPMENT_TEAM = 4T7N365245;
				GENERATE_INFOPLIST_FILE = YES;
				INFOPLIST_FILE = JustDropIt/Info.plist;
				INFOPLIST_KEY_UIApplicationSupportsIndirectInputEvents = YES;
				INFOPLIST_KEY_UILaunchStoryboardName = LaunchScreen;
				INFOPLIST_KEY_UIMainStoryboardFile = Main;
				INFOPLIST_KEY_UISupportedInterfaceOrientations_iPad = "UIInterfaceOrientationPortrait UIInterfaceOrientationPortraitUpsideDown UIInterfaceOrientationLandscapeLeft UIInterfaceOrientationLandscapeRight";
				INFOPLIST_KEY_UISupportedInterfaceOrientations_iPhone = "UIInterfaceOrientationPortrait UIInterfaceOrientationLandscapeLeft UIInterfaceOrientationLandscapeRight";
				LD_RUNPATH_SEARCH_PATHS = (
					"$(inherited)",
					"@executable_path/Frameworks",
				);
				MARKETING_VERSION = 1.0;
				PRODUCT_BUNDLE_IDENTIFIER = com.aaryandehade.JustDropIt;
				PRODUCT_NAME = "$(TARGET_NAME)";
				SWIFT_EMIT_LOC_STRINGS = YES;
				SWIFT_VERSION = 5.0;
				TARGETED_DEVICE_FAMILY = "1,2";
			};
			name = Debug;
		};
		BBE1EFBD274D733100C828F6 /* Release */ = {
			isa = XCBuildConfiguration;
			baseConfigurationReference = B54A9750522E65F10FE7BAFF /* Pods-JustDropIt.release.xcconfig */;
			buildSettings = {
				ASSETCATALOG_COMPILER_APPICON_NAME = AppIcon;
				ASSETCATALOG_COMPILER_GLOBAL_ACCENT_COLOR_NAME = AccentColor;
				CODE_SIGN_STYLE = Automatic;
				CURRENT_PROJECT_VERSION = 1;
				DEVELOPMENT_TEAM = 4T7N365245;
				GENERATE_INFOPLIST_FILE = YES;
				INFOPLIST_FILE = JustDropIt/Info.plist;
				INFOPLIST_KEY_UIApplicationSupportsIndirectInputEvents = YES;
				INFOPLIST_KEY_UILaunchStoryboardName = LaunchScreen;
				INFOPLIST_KEY_UIMainStoryboardFile = Main;
				INFOPLIST_KEY_UISupportedInterfaceOrientations_iPad = "UIInterfaceOrientationPortrait UIInterfaceOrientationPortraitUpsideDown UIInterfaceOrientationLandscapeLeft UIInterfaceOrientationLandscapeRight";
				INFOPLIST_KEY_UISupportedInterfaceOrientations_iPhone = "UIInterfaceOrientationPortrait UIInterfaceOrientationLandscapeLeft UIInterfaceOrientationLandscapeRight";
				LD_RUNPATH_SEARCH_PATHS = (
					"$(inherited)",
					"@executable_path/Frameworks",
				);
				MARKETING_VERSION = 1.0;
				PRODUCT_BUNDLE_IDENTIFIER = com.aaryandehade.JustDropIt;
				PRODUCT_NAME = "$(TARGET_NAME)";
				SWIFT_EMIT_LOC_STRINGS = YES;
				SWIFT_VERSION = 5.0;
				TARGETED_DEVICE_FAMILY = "1,2";
			};
			name = Release;
		};
		BBE1EFBF274D733100C828F6 /* Debug */ = {
			isa = XCBuildConfiguration;
			baseConfigurationReference = 0307E9079262C621D77366DA /* Pods-JustDropItTests.debug.xcconfig */;
			buildSettings = {
				ALWAYS_EMBED_SWIFT_STANDARD_LIBRARIES = YES;
				BUNDLE_LOADER = "$(TEST_HOST)";
				CODE_SIGN_STYLE = Automatic;
				CURRENT_PROJECT_VERSION = 1;
				DEVELOPMENT_TEAM = 4T7N365245;
				GENERATE_INFOPLIST_FILE = YES;
				IPHONEOS_DEPLOYMENT_TARGET = 15.0;
				LD_RUNPATH_SEARCH_PATHS = (
					"$(inherited)",
					"@executable_path/Frameworks",
					"@loader_path/Frameworks",
				);
				MARKETING_VERSION = 1.0;
				PRODUCT_BUNDLE_IDENTIFIER = com.aaryandehade.JustDropItTests;
				PRODUCT_NAME = "$(TARGET_NAME)";
				SWIFT_EMIT_LOC_STRINGS = NO;
				SWIFT_VERSION = 5.0;
				TARGETED_DEVICE_FAMILY = "1,2";
				TEST_HOST = "$(BUILT_PRODUCTS_DIR)/JustDropIt.app/JustDropIt";
			};
			name = Debug;
		};
		BBE1EFC0274D733100C828F6 /* Release */ = {
			isa = XCBuildConfiguration;
			baseConfigurationReference = 14F0651B53674A97BE24957A /* Pods-JustDropItTests.release.xcconfig */;
			buildSettings = {
				ALWAYS_EMBED_SWIFT_STANDARD_LIBRARIES = YES;
				BUNDLE_LOADER = "$(TEST_HOST)";
				CODE_SIGN_STYLE = Automatic;
				CURRENT_PROJECT_VERSION = 1;
				DEVELOPMENT_TEAM = 4T7N365245;
				GENERATE_INFOPLIST_FILE = YES;
				IPHONEOS_DEPLOYMENT_TARGET = 15.0;
				LD_RUNPATH_SEARCH_PATHS = (
					"$(inherited)",
					"@executable_path/Frameworks",
					"@loader_path/Frameworks",
				);
				MARKETING_VERSION = 1.0;
				PRODUCT_BUNDLE_IDENTIFIER = com.aaryandehade.JustDropItTests;
				PRODUCT_NAME = "$(TARGET_NAME)";
				SWIFT_EMIT_LOC_STRINGS = NO;
				SWIFT_VERSION = 5.0;
				TARGETED_DEVICE_FAMILY = "1,2";
				TEST_HOST = "$(BUILT_PRODUCTS_DIR)/JustDropIt.app/JustDropIt";
			};
			name = Release;
		};
		BBE1EFC2274D733100C828F6 /* Debug */ = {
			isa = XCBuildConfiguration;
			baseConfigurationReference = 2F7E126B19D671BA7D68829C /* Pods-JustDropIt-JustDropItUITests.debug.xcconfig */;
			buildSettings = {
				ALWAYS_EMBED_SWIFT_STANDARD_LIBRARIES = YES;
				CODE_SIGN_STYLE = Automatic;
				CURRENT_PROJECT_VERSION = 1;
				DEVELOPMENT_TEAM = 4T7N365245;
				GENERATE_INFOPLIST_FILE = YES;
				LD_RUNPATH_SEARCH_PATHS = (
					"$(inherited)",
					"@executable_path/Frameworks",
					"@loader_path/Frameworks",
				);
				MARKETING_VERSION = 1.0;
				PRODUCT_BUNDLE_IDENTIFIER = com.aaryandehade.JustDropItUITests;
				PRODUCT_NAME = "$(TARGET_NAME)";
				SWIFT_EMIT_LOC_STRINGS = NO;
				SWIFT_VERSION = 5.0;
				TARGETED_DEVICE_FAMILY = "1,2";
				TEST_TARGET_NAME = JustDropIt;
			};
			name = Debug;
		};
		BBE1EFC3274D733100C828F6 /* Release */ = {
			isa = XCBuildConfiguration;
			baseConfigurationReference = 0CC5961B38F24745B0237226 /* Pods-JustDropIt-JustDropItUITests.release.xcconfig */;
			buildSettings = {
				ALWAYS_EMBED_SWIFT_STANDARD_LIBRARIES = YES;
				CODE_SIGN_STYLE = Automatic;
				CURRENT_PROJECT_VERSION = 1;
				DEVELOPMENT_TEAM = 4T7N365245;
				GENERATE_INFOPLIST_FILE = YES;
				LD_RUNPATH_SEARCH_PATHS = (
					"$(inherited)",
					"@executable_path/Frameworks",
					"@loader_path/Frameworks",
				);
				MARKETING_VERSION = 1.0;
				PRODUCT_BUNDLE_IDENTIFIER = com.aaryandehade.JustDropItUITests;
				PRODUCT_NAME = "$(TARGET_NAME)";
				SWIFT_EMIT_LOC_STRINGS = NO;
				SWIFT_VERSION = 5.0;
				TARGETED_DEVICE_FAMILY = "1,2";
				TEST_TARGET_NAME = JustDropIt;
			};
			name = Release;
		};
/* End XCBuildConfiguration section */

/* Begin XCConfigurationList section */
		BBE1EF8C274D733000C828F6 /* Build configuration list for PBXProject "JustDropIt" */ = {
			isa = XCConfigurationList;
			buildConfigurations = (
				BBE1EFB9274D733100C828F6 /* Debug */,
				BBE1EFBA274D733100C828F6 /* Release */,
			);
			defaultConfigurationIsVisible = 0;
			defaultConfigurationName = Release;
		};
		BBE1EFBB274D733100C828F6 /* Build configuration list for PBXNativeTarget "JustDropIt" */ = {
			isa = XCConfigurationList;
			buildConfigurations = (
				BBE1EFBC274D733100C828F6 /* Debug */,
				BBE1EFBD274D733100C828F6 /* Release */,
			);
			defaultConfigurationIsVisible = 0;
			defaultConfigurationName = Release;
		};
		BBE1EFBE274D733100C828F6 /* Build configuration list for PBXNativeTarget "JustDropItTests" */ = {
			isa = XCConfigurationList;
			buildConfigurations = (
				BBE1EFBF274D733100C828F6 /* Debug */,
				BBE1EFC0274D733100C828F6 /* Release */,
			);
			defaultConfigurationIsVisible = 0;
			defaultConfigurationName = Release;
		};
		BBE1EFC1274D733100C828F6 /* Build configuration list for PBXNativeTarget "JustDropItUITests" */ = {
			isa = XCConfigurationList;
			buildConfigurations = (
				BBE1EFC2274D733100C828F6 /* Debug */,
				BBE1EFC3274D733100C828F6 /* Release */,
			);
			defaultConfigurationIsVisible = 0;
			defaultConfigurationName = Release;
		};
/* End XCConfigurationList section */
	};
	rootObject = BBE1EF89274D733000C828F6 /* Project object */;
}
